
Microsoft Visual Studio Solution File, Format Version 12.00
# Visual Studio Version 16
VisualStudioVersion = 16.0.30114.105
MinimumVisualStudioVersion = 10.0.40219.1
Project("{FAE04EC0-301F-11D3-BF4B-00C04F79EFBC}") = "HU.OOP.Week1.Opdracht1", "src\main\csharp\HU.OOP.Week1.Opdracht1\HU.OOP.Week1.Opdracht1.csproj", "{F173C35E-3A9C-4731-8FBE-1C35F83A8FA5}"
EndProject
Project("{FAE04EC0-301F-11D3-BF4B-00C04F79EFBC}") = "HU.OOP.Week1.Opdracht2", "src\main\csharp\HU.OOP.Week1.Opdracht2\HU.OOP.Week1.Opdracht2.csproj", "{9B7AA871-DD39-49CC-9E50-ADEE09376B57}"
EndProject
Project("{FAE04EC0-301F-11D3-BF4B-00C04F79EFBC}") = "HU.OOP.Week1.Opdracht3", "src\main\csharp\HU.OOP.Week1.Opdracht3\HU.OOP.Week1.Opdracht3.csproj", "{9AD9B561-6807-49E2-A92E-C8A8F7C6D570}"
EndProject
Project("{FAE04EC0-301F-11D3-BF4B-00C04F79EFBC}") = "HU.OOP.Week1.Opdracht4", "src\main\csharp\HU.OOP.Week1.Opdracht4\HU.OOP.Week1.Opdracht4.csproj", "{8CB727A1-86F7-4989-8AC0-47EBF182BEF5}"
EndProject
Project("{FAE04EC0-301F-11D3-BF4B-00C04F79EFBC}") = "HU.OOP.Week1.Opdracht5", "src\main\csharp\HU.OOP.Week1.Opdracht5\HU.OOP.Week1.Opdracht5.csproj", "{007502CF-F40C-4C92-9ACB-36F502F81623}"
EndProject
Project("{2150E333-8FDC-42A3-9474-1A3956D46DE8}") = "src", "src", "{01F06E89-659D-4F8E-ABEB-9935C16095C2}"
EndProject
Project("{2150E333-8FDC-42A3-9474-1A3956D46DE8}") = "test", "test", "{C8E46EE5-E213-46DC-AE6D-EABDFBB89EC4}"
EndProject
Project("{2150E333-8FDC-42A3-9474-1A3956D46DE8}") = "csharp", "csharp", "{BB9C2B27-8C1D-40A6-B200-E9749978982F}"
EndProject
Project("{FAE04EC0-301F-11D3-BF4B-00C04F79EFBC}") = "HU.OOP.Week2.Opdracht31.Tests", "src\test\csharp\HU.OOP.Week2.Opdracht31.Tests\HU.OOP.Week2.Opdracht31.Tests.csproj", "{B6C4A9BE-1BD3-40F6-AD32-4904FACB9575}"
EndProject
Project("{2150E333-8FDC-42A3-9474-1A3956D46DE8}") = "main", "main", "{CE04EDFF-676D-4AA0-858E-A3138E7FF885}"
EndProject
Project("{2150E333-8FDC-42A3-9474-1A3956D46DE8}") = "csharp", "csharp", "{41A1AE1D-F89A-4839-B832-754A1EF19DB4}"
EndProject
Project("{FAE04EC0-301F-11D3-BF4B-00C04F79EFBC}") = "HU.OOP.Week1.OpdrachtPiloot", "src\main\csharp\HU.OOP.Week1.OpdrachtPiloot\HU.OOP.Week1.OpdrachtPiloot.csproj", "{8707D164-2584-40EA-B4C7-5ECD01B13874}"
EndProject
Project("{FAE04EC0-301F-11D3-BF4B-00C04F79EFBC}") = "HU.OOP.Week2.Opdracht31", "src\main\csharp\HU.OOP.Week2.Opdracht31\HU.OOP.Week2.Opdracht31.csproj", "{8E8BE55F-9475-48B2-BB56-64EEF4082600}"
EndProject
Global
	GlobalSection(SolutionConfigurationPlatforms) = preSolution
		Debug|Any CPU = Debug|Any CPU
		Release|Any CPU = Release|Any CPU
	EndGlobalSection
	GlobalSection(SolutionProperties) = preSolution
		HideSolutionNode = FALSE
	EndGlobalSection
	GlobalSection(ProjectConfigurationPlatforms) = postSolution
		{F173C35E-3A9C-4731-8FBE-1C35F83A8FA5}.Debug|Any CPU.ActiveCfg = Debug|Any CPU
		{F173C35E-3A9C-4731-8FBE-1C35F83A8FA5}.Debug|Any CPU.Build.0 = Debug|Any CPU
		{F173C35E-3A9C-4731-8FBE-1C35F83A8FA5}.Release|Any CPU.ActiveCfg = Release|Any CPU
		{F173C35E-3A9C-4731-8FBE-1C35F83A8FA5}.Release|Any CPU.Build.0 = Release|Any CPU
		{9B7AA871-DD39-49CC-9E50-ADEE09376B57}.Debug|Any CPU.ActiveCfg = Debug|Any CPU
		{9B7AA871-DD39-49CC-9E50-ADEE09376B57}.Debug|Any CPU.Build.0 = Debug|Any CPU
		{9B7AA871-DD39-49CC-9E50-ADEE09376B57}.Release|Any CPU.ActiveCfg = Release|Any CPU
		{9B7AA871-DD39-49CC-9E50-ADEE09376B57}.Release|Any CPU.Build.0 = Release|Any CPU
		{9AD9B561-6807-49E2-A92E-C8A8F7C6D570}.Debug|Any CPU.ActiveCfg = Debug|Any CPU
		{9AD9B561-6807-49E2-A92E-C8A8F7C6D570}.Debug|Any CPU.Build.0 = Debug|Any CPU
		{9AD9B561-6807-49E2-A92E-C8A8F7C6D570}.Release|Any CPU.ActiveCfg = Release|Any CPU
		{9AD9B561-6807-49E2-A92E-C8A8F7C6D570}.Release|Any CPU.Build.0 = Release|Any CPU
		{8CB727A1-86F7-4989-8AC0-47EBF182BEF5}.Debug|Any CPU.ActiveCfg = Debug|Any CPU
		{8CB727A1-86F7-4989-8AC0-47EBF182BEF5}.Debug|Any CPU.Build.0 = Debug|Any CPU
		{8CB727A1-86F7-4989-8AC0-47EBF182BEF5}.Release|Any CPU.ActiveCfg = Release|Any CPU
		{8CB727A1-86F7-4989-8AC0-47EBF182BEF5}.Release|Any CPU.Build.0 = Release|Any CPU
		{007502CF-F40C-4C92-9ACB-36F502F81623}.Debug|Any CPU.ActiveCfg = Debug|Any CPU
		{007502CF-F40C-4C92-9ACB-36F502F81623}.Debug|Any CPU.Build.0 = Debug|Any CPU
		{007502CF-F40C-4C92-9ACB-36F502F81623}.Release|Any CPU.ActiveCfg = Release|Any CPU
		{007502CF-F40C-4C92-9ACB-36F502F81623}.Release|Any CPU.Build.0 = Release|Any CPU
		{B6C4A9BE-1BD3-40F6-AD32-4904FACB9575}.Debug|Any CPU.ActiveCfg = Debug|Any CPU
		{B6C4A9BE-1BD3-40F6-AD32-4904FACB9575}.Debug|Any CPU.Build.0 = Debug|Any CPU
		{B6C4A9BE-1BD3-40F6-AD32-4904FACB9575}.Release|Any CPU.ActiveCfg = Release|Any CPU
		{B6C4A9BE-1BD3-40F6-AD32-4904FACB9575}.Release|Any CPU.Build.0 = Release|Any CPU
		{8707D164-2584-40EA-B4C7-5ECD01B13874}.Debug|Any CPU.ActiveCfg = Debug|Any CPU
		{8707D164-2584-40EA-B4C7-5ECD01B13874}.Debug|Any CPU.Build.0 = Debug|Any CPU
		{8707D164-2584-40EA-B4C7-5ECD01B13874}.Release|Any CPU.ActiveCfg = Release|Any CPU
		{8707D164-2584-40EA-B4C7-5ECD01B13874}.Release|Any CPU.Build.0 = Release|Any CPU
		{8E8BE55F-9475-48B2-BB56-64EEF4082600}.Debug|Any CPU.ActiveCfg = Debug|Any CPU
		{8E8BE55F-9475-48B2-BB56-64EEF4082600}.Debug|Any CPU.Build.0 = Debug|Any CPU
		{8E8BE55F-9475-48B2-BB56-64EEF4082600}.Release|Any CPU.ActiveCfg = Release|Any CPU
		{8E8BE55F-9475-48B2-BB56-64EEF4082600}.Release|Any CPU.Build.0 = Release|Any CPU
	EndGlobalSection
	GlobalSection(NestedProjects) = preSolution
		{C8E46EE5-E213-46DC-AE6D-EABDFBB89EC4} = {01F06E89-659D-4F8E-ABEB-9935C16095C2}
		{BB9C2B27-8C1D-40A6-B200-E9749978982F} = {C8E46EE5-E213-46DC-AE6D-EABDFBB89EC4}
		{B6C4A9BE-1BD3-40F6-AD32-4904FACB9575} = {BB9C2B27-8C1D-40A6-B200-E9749978982F}
		{CE04EDFF-676D-4AA0-858E-A3138E7FF885} = {01F06E89-659D-4F8E-ABEB-9935C16095C2}
		{41A1AE1D-F89A-4839-B832-754A1EF19DB4} = {CE04EDFF-676D-4AA0-858E-A3138E7FF885}
		{8707D164-2584-40EA-B4C7-5ECD01B13874} = {41A1AE1D-F89A-4839-B832-754A1EF19DB4}
		{8E8BE55F-9475-48B2-BB56-64EEF4082600} = {41A1AE1D-F89A-4839-B832-754A1EF19DB4}
	EndGlobalSection
EndGlobal
